
Microsoft Visual Studio Solution File, Format Version 12.00
# Visual Studio Version 16
VisualStudioVersion = 16.0.29025.244
MinimumVisualStudioVersion = 10.0.40219.1
Project("{9A19103F-16F7-4668-BE54-9A1E7A4F7556}") = "Prediction", "Prediction\Prediction.csproj", "{56E27F86-47C9-4593-9156-581A2327FD66}"
EndProject
Project("{9A19103F-16F7-4668-BE54-9A1E7A4F7556}") = "PredictionML.Model", "PredictionML.Model\PredictionML.Model.csproj", "{94877A52-AE70-43FF-BFBF-BD8BC1500357}"
EndProject
Project("{9A19103F-16F7-4668-BE54-9A1E7A4F7556}") = "PredictionML.ConsoleApp", "PredictionML.ConsoleApp\PredictionML.ConsoleApp.csproj", "{0F9C2529-C4B7-435E-88B1-5E3E86D28EB3}"
EndProject
Global
	GlobalSection(SolutionConfigurationPlatforms) = preSolution
		Debug|Any CPU = Debug|Any CPU
		Release|Any CPU = Release|Any CPU
	EndGlobalSection
	GlobalSection(ProjectConfigurationPlatforms) = postSolution
		{56E27F86-47C9-4593-9156-581A2327FD66}.Debug|Any CPU.ActiveCfg = Debug|Any CPU
		{56E27F86-47C9-4593-9156-581A2327FD66}.Debug|Any CPU.Build.0 = Debug|Any CPU
		{56E27F86-47C9-4593-9156-581A2327FD66}.Release|Any CPU.ActiveCfg = Release|Any CPU
		{56E27F86-47C9-4593-9156-581A2327FD66}.Release|Any CPU.Build.0 = Release|Any CPU
		{94877A52-AE70-43FF-BFBF-BD8BC1500357}.Debug|Any CPU.ActiveCfg = Debug|Any CPU
		{94877A52-AE70-43FF-BFBF-BD8BC1500357}.Debug|Any CPU.Build.0 = Debug|Any CPU
		{94877A52-AE70-43FF-BFBF-BD8BC1500357}.Release|Any CPU.ActiveCfg = Release|Any CPU
		{94877A52-AE70-43FF-BFBF-BD8BC1500357}.Release|Any CPU.Build.0 = Release|Any CPU
		{0F9C2529-C4B7-435E-88B1-5E3E86D28EB3}.Debug|Any CPU.ActiveCfg = Debug|Any CPU
		{0F9C2529-C4B7-435E-88B1-5E3E86D28EB3}.Debug|Any CPU.Build.0 = Debug|Any CPU
		{0F9C2529-C4B7-435E-88B1-5E3E86D28EB3}.Release|Any CPU.ActiveCfg = Release|Any CPU
		{0F9C2529-C4B7-435E-88B1-5E3E86D28EB3}.Release|Any CPU.Build.0 = Release|Any CPU
	EndGlobalSection
	GlobalSection(SolutionProperties) = preSolution
		HideSolutionNode = FALSE
	EndGlobalSection
	GlobalSection(ExtensibilityGlobals) = postSolution
		SolutionGuid = {CE07CE34-1FCF-48DA-ADA6-89EF70C9959B}
	EndGlobalSection
EndGlobal
